{
  "name": "greenphoenix",
  "version": "0.1.0",
  "lockfileVersion": 1,
  "requires": true,
  "dependencies": {
    "ramda": {
      "version": "0.27.2",
      "resolved": "https://registry.npmjs.org/ramda/-/ramda-0.27.2.tgz",
      "integrity": "sha512-SbiLPU40JuJniHexQSAgad32hfwd+DRUdwF2PlVuI5RZD0/vahUco7R8vD86J/tcEKKF9vZrUVwgtmGCqlCKyA=="
    },
    "stylelint-config-pagarme-react": {
      "version": "file:../../react-style-guide/packages/stylelint",
      "resolved": false,
      "dependencies": {
        "stylelint-config-recommended": {
          "version": "1.0.0",
          "resolved": false
        },
        "stylelint-config-standard": {
          "version": "17.0.0",
          "resolved": false
        }
      }
    }
  }
}
